// !$*UTF8*$!
{
	archiveVersion = 1;
	classes = {
	};
	objectVersion = 50;
	objects = {

/* Begin PBXBuildFile section */
		DF0A583A2394FDF300F8ECA9 /* AppDelegate.swift in Sources */ = {isa = PBXBuildFile; fileRef = DF0A58392394FDF300F8ECA9 /* AppDelegate.swift */; };
		DF0A583C2394FDF300F8ECA9 /* SceneDelegate.swift in Sources */ = {isa = PBXBuildFile; fileRef = DF0A583B2394FDF300F8ECA9 /* SceneDelegate.swift */; };
		DF0A583E2394FDF300F8ECA9 /* ViewController.swift in Sources */ = {isa = PBXBuildFile; fileRef = DF0A583D2394FDF300F8ECA9 /* ViewController.swift */; };
		DF0A58412394FDF300F8ECA9 /* Main.storyboard in Resources */ = {isa = PBXBuildFile; fileRef = DF0A583F2394FDF300F8ECA9 /* Main.storyboard */; };
		DF0A58432394FDF500F8ECA9 /* Assets.xcassets in Resources */ = {isa = PBXBuildFile; fileRef = DF0A58422394FDF500F8ECA9 /* Assets.xcassets */; };
		DF0A58462394FDF500F8ECA9 /* LaunchScreen.storyboard in Resources */ = {isa = PBXBuildFile; fileRef = DF0A58442394FDF500F8ECA9 /* LaunchScreen.storyboard */; };
		DF0A58562394FE1F00F8ECA9 /* ScaleAnimationProtocol.swift in Sources */ = {isa = PBXBuildFile; fileRef = DF0A584F2394FE1F00F8ECA9 /* ScaleAnimationProtocol.swift */; };
		DF0A58572394FE1F00F8ECA9 /* BlurPresentationController.swift in Sources */ = {isa = PBXBuildFile; fileRef = DF0A58512394FE1F00F8ECA9 /* BlurPresentationController.swift */; };
		DF0A58582394FE1F00F8ECA9 /* UIScaleViewController.swift in Sources */ = {isa = PBXBuildFile; fileRef = DF0A58532394FE1F00F8ECA9 /* UIScaleViewController.swift */; };
		DF0A58592394FE1F00F8ECA9 /* TransitionAnimater.swift in Sources */ = {isa = PBXBuildFile; fileRef = DF0A58552394FE1F00F8ECA9 /* TransitionAnimater.swift */; };
/* End PBXBuildFile section */

/* Begin PBXFileReference section */
		DF0A58362394FDF300F8ECA9 /* TransitionDemoAPP.app */ = {isa = PBXFileReference; explicitFileType = wrapper.application; includeInIndex = 0; path = TransitionDemoAPP.app; sourceTree = BUILT_PRODUCTS_DIR; };
		DF0A58392394FDF300F8ECA9 /* AppDelegate.swift */ = {isa = PBXFileReference; lastKnownFileType = sourcecode.swift; path = AppDelegate.swift; sourceTree = "<group>"; };
		DF0A583B2394FDF300F8ECA9 /* SceneDelegate.swift */ = {isa = PBXFileReference; lastKnownFileType = sourcecode.swift; path = SceneDelegate.swift; sourceTree = "<group>"; };
		DF0A583D2394FDF300F8ECA9 /* ViewController.swift */ = {isa = PBXFileReference; lastKnownFileType = sourcecode.swift; path = ViewController.swift; sourceTree = "<group>"; };
		DF0A58402394FDF300F8ECA9 /* Base */ = {isa = PBXFileReference; lastKnownFileType = file.storyboard; name = Base; path = Base.lproj/Main.storyboard; sourceTree = "<group>"; };
		DF0A58422394FDF500F8ECA9 /* Assets.xcassets */ = {isa = PBXFileReference; lastKnownFileType = folder.assetcatalog; path = Assets.xcassets; sourceTree = "<group>"; };
		DF0A58452394FDF500F8ECA9 /* Base */ = {isa = PBXFileReference; lastKnownFileType = file.storyboard; name = Base; path = Base.lproj/LaunchScreen.storyboard; sourceTree = "<group>"; };
		DF0A58472394FDF500F8ECA9 /* Info.plist */ = {isa = PBXFileReference; lastKnownFileType = text.plist.xml; path = Info.plist; sourceTree = "<group>"; };
		DF0A584F2394FE1F00F8ECA9 /* ScaleAnimationProtocol.swift */ = {isa = PBXFileReference; fileEncoding = 4; lastKnownFileType = sourcecode.swift; path = ScaleAnimationProtocol.swift; sourceTree = "<group>"; };
		DF0A58512394FE1F00F8ECA9 /* BlurPresentationController.swift */ = {isa = PBXFileReference; fileEncoding = 4; lastKnownFileType = sourcecode.swift; path = BlurPresentationController.swift; sourceTree = "<group>"; };
		DF0A58532394FE1F00F8ECA9 /* UIScaleViewController.swift */ = {isa = PBXFileReference; fileEncoding = 4; lastKnownFileType = sourcecode.swift; path = UIScaleViewController.swift; sourceTree = "<group>"; };
		DF0A58552394FE1F00F8ECA9 /* TransitionAnimater.swift */ = {isa = PBXFileReference; fileEncoding = 4; lastKnownFileType = sourcecode.swift; path = TransitionAnimater.swift; sourceTree = "<group>"; };
/* End PBXFileReference section */

/* Begin PBXFrameworksBuildPhase section */
		DF0A58332394FDF300F8ECA9 /* Frameworks */ = {
			isa = PBXFrameworksBuildPhase;
			buildActionMask = 2147483647;
			files = (
			);
			runOnlyForDeploymentPostprocessing = 0;
		};
/* End PBXFrameworksBuildPhase section */

/* Begin PBXGroup section */
		DF0A582D2394FDF300F8ECA9 = {
			isa = PBXGroup;
			children = (
				DF0A58382394FDF300F8ECA9 /* TransitionDemoAPP */,
				DF0A58372394FDF300F8ECA9 /* Products */,
			);
			sourceTree = "<group>";
		};
		DF0A58372394FDF300F8ECA9 /* Products */ = {
			isa = PBXGroup;
			children = (
				DF0A58362394FDF300F8ECA9 /* TransitionDemoAPP.app */,
			);
			name = Products;
			sourceTree = "<group>";
		};
		DF0A58382394FDF300F8ECA9 /* TransitionDemoAPP */ = {
			isa = PBXGroup;
			children = (
				DF0A584D2394FE1F00F8ECA9 /* Transition */,
				DF0A58392394FDF300F8ECA9 /* AppDelegate.swift */,
				DF0A583B2394FDF300F8ECA9 /* SceneDelegate.swift */,
				DF0A583D2394FDF300F8ECA9 /* ViewController.swift */,
				DF0A583F2394FDF300F8ECA9 /* Main.storyboard */,
				DF0A58422394FDF500F8ECA9 /* Assets.xcassets */,
				DF0A58442394FDF500F8ECA9 /* LaunchScreen.storyboard */,
				DF0A58472394FDF500F8ECA9 /* Info.plist */,
			);
			path = TransitionDemoAPP;
			sourceTree = "<group>";
		};
		DF0A584D2394FE1F00F8ECA9 /* Transition */ = {
			isa = PBXGroup;
			children = (
				DF0A584E2394FE1F00F8ECA9 /* Protocol */,
				DF0A58502394FE1F00F8ECA9 /* PresentationController */,
				DF0A58522394FE1F00F8ECA9 /* Controller */,
				DF0A58542394FE1F00F8ECA9 /* TransitionAnimater */,
			);
			path = Transition;
			sourceTree = "<group>";
		};
		DF0A584E2394FE1F00F8ECA9 /* Protocol */ = {
			isa = PBXGroup;
			children = (
				DF0A584F2394FE1F00F8ECA9 /* ScaleAnimationProtocol.swift */,
			);
			path = Protocol;
			sourceTree = "<group>";
		};
		DF0A58502394FE1F00F8ECA9 /* PresentationController */ = {
			isa = PBXGroup;
			children = (
				DF0A58512394FE1F00F8ECA9 /* BlurPresentationController.swift */,
			);
			path = PresentationController;
			sourceTree = "<group>";
		};
		DF0A58522394FE1F00F8ECA9 /* Controller */ = {
			isa = PBXGroup;
			children = (
				DF0A58532394FE1F00F8ECA9 /* UIScaleViewController.swift */,
			);
			path = Controller;
			sourceTree = "<group>";
		};
		DF0A58542394FE1F00F8ECA9 /* TransitionAnimater */ = {
			isa = PBXGroup;
			children = (
				DF0A58552394FE1F00F8ECA9 /* TransitionAnimater.swift */,
			);
			path = TransitionAnimater;
			sourceTree = "<group>";
		};
/* End PBXGroup section */

/* Begin PBXNativeTarget section */
		DF0A58352394FDF300F8ECA9 /* TransitionDemoAPP */ = {
			isa = PBXNativeTarget;
			buildConfigurationList = DF0A584A2394FDF500F8ECA9 /* Build configuration list for PBXNativeTarget "TransitionDemoAPP" */;
			buildPhases = (
				DF0A58322394FDF300F8ECA9 /* Sources */,
				DF0A58332394FDF300F8ECA9 /* Frameworks */,
				DF0A58342394FDF300F8ECA9 /* Resources */,
			);
			buildRules = (
			);
			dependencies = (
			);
			name = TransitionDemoAPP;
			productName = TransitionDemoAPP;
			productReference = DF0A58362394FDF300F8ECA9 /* TransitionDemoAPP.app */;
			productType = "com.apple.product-type.application";
		};
/* End PBXNativeTarget section */

/* Begin PBXProject section */
		DF0A582E2394FDF300F8ECA9 /* Project object */ = {
			isa = PBXProject;
			attributes = {
				LastSwiftUpdateCheck = 1100;
				LastUpgradeCheck = 1100;
				ORGANIZATIONNAME = JarryTang;
				TargetAttributes = {
					DF0A58352394FDF300F8ECA9 = {
						CreatedOnToolsVersion = 11.0;
					};
				};
			};
			buildConfigurationList = DF0A58312394FDF300F8ECA9 /* Build configuration list for PBXProject "TransitionDemoAPP" */;
			compatibilityVersion = "Xcode 9.3";
			developmentRegion = en;
			hasScannedForEncodings = 0;
			knownRegions = (
				en,
				Base,
			);
			mainGroup = DF0A582D2394FDF300F8ECA9;
			productRefGroup = DF0A58372394FDF300F8ECA9 /* Products */;
			projectDirPath = "";
			projectRoot = "";
			targets = (
				DF0A58352394FDF300F8ECA9 /* TransitionDemoAPP */,
			);
		};
/* End PBXProject section */

/* Begin PBXResourcesBuildPhase section */
		DF0A58342394FDF300F8ECA9 /* Resources */ = {
			isa = PBXResourcesBuildPhase;
			buildActionMask = 2147483647;
			files = (
				DF0A58462394FDF500F8ECA9 /* LaunchScreen.storyboard in Resources */,
				DF0A58432394FDF500F8ECA9 /* Assets.xcassets in Resources */,
				DF0A58412394FDF300F8ECA9 /* Main.storyboard in Resources */,
			);
			runOnlyForDeploymentPostprocessing = 0;
		};
/* End PBXResourcesBuildPhase section */

/* Begin PBXSourcesBuildPhase section */
		DF0A58322394FDF300F8ECA9 /* Sources */ = {
			isa = PBXSourcesBuildPhase;
			buildActionMask = 2147483647;
			files = (
				DF0A583E2394FDF300F8ECA9 /* ViewController.swift in Sources */,
				DF0A58562394FE1F00F8ECA9 /* ScaleAnimationProtocol.swift in Sources */,
				DF0A58572394FE1F00F8ECA9 /* BlurPresentationController.swift in Sources */,
				DF0A583A2394FDF300F8ECA9 /* AppDelegate.swift in Sources */,
				DF0A583C2394FDF300F8ECA9 /* SceneDelegate.swift in Sources */,
				DF0A58582394FE1F00F8ECA9 /* UIScaleViewController.swift in Sources */,
				DF0A58592394FE1F00F8ECA9 /* TransitionAnimater.swift in Sources */,
			);
			runOnlyForDeploymentPostprocessing = 0;
		};
/* End PBXSourcesBuildPhase section */

/* Begin PBXVariantGroup section */
		DF0A583F2394FDF300F8ECA9 /* Main.storyboard */ = {
			isa = PBXVariantGroup;
			children = (
				DF0A58402394FDF300F8ECA9 /* Base */,
			);
			name = Main.storyboard;
			sourceTree = "<group>";
		};
		DF0A58442394FDF500F8ECA9 /* LaunchScreen.storyboard */ = {
			isa = PBXVariantGroup;
			children = (
				DF0A58452394FDF500F8ECA9 /* Base */,
			);
			name = LaunchScreen.storyboard;
			sourceTree = "<group>";
		};
/* End PBXVariantGroup section */

/* Begin XCBuildConfiguration section */
		DF0A58482394FDF500F8ECA9 /* Debug */ = {
			isa = XCBuildConfiguration;
			buildSettings = {
				ALWAYS_SEARCH_USER_PATHS = NO;
				CLANG_ANALYZER_NONNULL = YES;
				CLANG_ANALYZER_NUMBER_OBJECT_CONVERSION = YES_AGGRESSIVE;
				CLANG_CXX_LANGUAGE_STANDARD = "gnu++14";
				CLANG_CXX_LIBRARY = "libc++";
				CLANG_ENABLE_MODULES = YES;
				CLANG_ENABLE_OBJC_ARC = YES;
				CLANG_ENABLE_OBJC_WEAK = YES;
				CLANG_WARN_BLOCK_CAPTURE_AUTORELEASING = YES;
				CLANG_WARN_BOOL_CONVERSION = YES;
				CLANG_WARN_COMMA = YES;
				CLANG_WARN_CONSTANT_CONVERSION = YES;
				CLANG_WARN_DEPRECATED_OBJC_IMPLEMENTATIONS = YES;
				CLANG_WARN_DIRECT_OBJC_ISA_USAGE = YES_ERROR;
				CLANG_WARN_DOCUMENTATION_COMMENTS = YES;
				CLANG_WARN_EMPTY_BODY = YES;
				CLANG_WARN_ENUM_CONVERSION = YES;
				CLANG_WARN_INFINITE_RECURSION = YES;
				CLANG_WARN_INT_CONVERSION = YES;
				CLANG_WARN_NON_LITERAL_NULL_CONVERSION = YES;
				CLANG_WARN_OBJC_IMPLICIT_RETAIN_SELF = YES;
				CLANG_WARN_OBJC_LITERAL_CONVERSION = YES;
				CLANG_WARN_OBJC_ROOT_CLASS = YES_ERROR;
				CLANG_WARN_RANGE_LOOP_ANALYSIS = YES;
				CLANG_WARN_STRICT_PROTOTYPES = YES;
				CLANG_WARN_SUSPICIOUS_MOVE = YES;
				CLANG_WARN_UNGUARDED_AVAILABILITY = YES_AGGRESSIVE;
				CLANG_WARN_UNREACHABLE_CODE = YES;
				CLANG_WARN__DUPLICATE_METHOD_MATCH = YES;
				COPY_PHASE_STRIP = NO;
				DEBUG_INFORMATION_FORMAT = dwarf;
				ENABLE_STRICT_OBJC_MSGSEND = YES;
				ENABLE_TESTABILITY = YES;
				GCC_C_LANGUAGE_STANDARD = gnu11;
				GCC_DYNAMIC_NO_PIC = NO;
				GCC_NO_COMMON_BLOCKS = YES;
				GCC_OPTIMIZATION_LEVEL = 0;
				GCC_PREPROCESSOR_DEFINITIONS = (
					"DEBUG=1",
					"$(inherited)",
				);
				GCC_WARN_64_TO_32_BIT_CONVERSION = YES;
				GCC_WARN_ABOUT_RETURN_TYPE = YES_ERROR;
				GCC_WARN_UNDECLARED_SELECTOR = YES;
				GCC_WARN_UNINITIALIZED_AUTOS = YES_AGGRESSIVE;
				GCC_WARN_UNUSED_FUNCTION = YES;
				GCC_WARN_UNUSED_VARIABLE = YES;
				IPHONEOS_DEPLOYMENT_TARGET = 13.0;
				MTL_ENABLE_DEBUG_INFO = INCLUDE_SOURCE;
				MTL_FAST_MATH = YES;
				ONLY_ACTIVE_ARCH = YES;
				SDKROOT = iphoneos;
				SWIFT_ACTIVE_COMPILATION_CONDITIONS = DEBUG;
				SWIFT_OPTIMIZATION_LEVEL = "-Onone";
			};
			name = Debug;
		};
		DF0A58492394FDF500F8ECA9 /* Release */ = {
			isa = XCBuildConfiguration;
			buildSettings = {
				ALWAYS_SEARCH_USER_PATHS = NO;
				CLANG_ANALYZER_NONNULL = YES;
				CLANG_ANALYZER_NUMBER_OBJECT_CONVERSION = YES_AGGRESSIVE;
				CLANG_CXX_LANGUAGE_STANDARD = "gnu++14";
				CLANG_CXX_LIBRARY = "libc++";
				CLANG_ENABLE_MODULES = YES;
				CLANG_ENABLE_OBJC_ARC = YES;
				CLANG_ENABLE_OBJC_WEAK = YES;
				CLANG_WARN_BLOCK_CAPTURE_AUTORELEASING = YES;
				CLANG_WARN_BOOL_CONVERSION = YES;
				CLANG_WARN_COMMA = YES;
				CLANG_WARN_CONSTANT_CONVERSION = YES;
				CLANG_WARN_DEPRECATED_OBJC_IMPLEMENTATIONS = YES;
				CLANG_WARN_DIRECT_OBJC_ISA_USAGE = YES_ERROR;
				CLANG_WARN_DOCUMENTATION_COMMENTS = YES;
				CLANG_WARN_EMPTY_BODY = YES;
				CLANG_WARN_ENUM_CONVERSION = YES;
				CLANG_WARN_INFINITE_RECURSION = YES;
				CLANG_WARN_INT_CONVERSION = YES;
				CLANG_WARN_NON_LITERAL_NULL_CONVERSION = YES;
				CLANG_WARN_OBJC_IMPLICIT_RETAIN_SELF = YES;
				CLANG_WARN_OBJC_LITERAL_CONVERSION = YES;
				CLANG_WARN_OBJC_ROOT_CLASS = YES_ERROR;
				CLANG_WARN_RANGE_LOOP_ANALYSIS = YES;
				CLANG_WARN_STRICT_PROTOTYPES = YES;
				CLANG_WARN_SUSPICIOUS_MOVE = YES;
				CLANG_WARN_UNGUARDED_AVAILABILITY = YES_AGGRESSIVE;
				CLANG_WARN_UNREACHABLE_CODE = YES;
				CLANG_WARN__DUPLICATE_METHOD_MATCH = YES;
				COPY_PHASE_STRIP = NO;
				DEBUG_INFORMATION_FORMAT = "dwarf-with-dsym";
				ENABLE_NS_ASSERTIONS = NO;
				ENABLE_STRICT_OBJC_MSGSEND = YES;
				GCC_C_LANGUAGE_STANDARD = gnu11;
				GCC_NO_COMMON_BLOCKS = YES;
				GCC_WARN_64_TO_32_BIT_CONVERSION = YES;
				GCC_WARN_ABOUT_RETURN_TYPE = YES_ERROR;
				GCC_WARN_UNDECLARED_SELECTOR = YES;
				GCC_WARN_UNINITIALIZED_AUTOS = YES_AGGRESSIVE;
				GCC_WARN_UNUSED_FUNCTION = YES;
				GCC_WARN_UNUSED_VARIABLE = YES;
				IPHONEOS_DEPLOYMENT_TARGET = 13.0;
				MTL_ENABLE_DEBUG_INFO = NO;
				MTL_FAST_MATH = YES;
				SDKROOT = iphoneos;
				SWIFT_COMPILATION_MODE = wholemodule;
				SWIFT_OPTIMIZATION_LEVEL = "-O";
				VALIDATE_PRODUCT = YES;
			};
			name = Release;
		};
		DF0A584B2394FDF500F8ECA9 /* Debug */ = {
			isa = XCBuildConfiguration;
			buildSettings = {
				ASSETCATALOG_COMPILER_APPICON_NAME = AppIcon;
				CODE_SIGN_STYLE = Automatic;
				DEVELOPMENT_TEAM = 62MW876854;
				INFOPLIST_FILE = TransitionDemoAPP/Info.plist;
				LD_RUNPATH_SEARCH_PATHS = (
					"$(inherited)",
					"@executable_path/Frameworks",
				);
				PRODUCT_BUNDLE_IDENTIFIER = com.JarryTang.TransitionDemoAPP;
				PRODUCT_NAME = "$(TARGET_NAME)";
				SWIFT_VERSION = 5.0;
				TARGETED_DEVICE_FAMILY = "1,2";
			};
			name = Debug;
		};
		DF0A584C2394FDF500F8ECA9 /* Release */ = {
			isa = XCBuildConfiguration;
			buildSettings = {
				ASSETCATALOG_COMPILER_APPICON_NAME = AppIcon;
				CODE_SIGN_STYLE = Automatic;
				DEVELOPMENT_TEAM = 62MW876854;
				INFOPLIST_FILE = TransitionDemoAPP/Info.plist;
				LD_RUNPATH_SEARCH_PATHS = (
					"$(inherited)",
					"@executable_path/Frameworks",
				);
				PRODUCT_BUNDLE_IDENTIFIER = com.JarryTang.TransitionDemoAPP;
				PRODUCT_NAME = "$(TARGET_NAME)";
				SWIFT_VERSION = 5.0;
				TARGETED_DEVICE_FAMILY = "1,2";
			};
			name = Release;
		};
/* End XCBuildConfiguration section */

/* Begin XCConfigurationList section */
		DF0A58312394FDF300F8ECA9 /* Build configuration list for PBXProject "TransitionDemoAPP" */ = {
			isa = XCConfigurationList;
			buildConfigurations = (
				DF0A58482394FDF500F8ECA9 /* Debug */,
				DF0A58492394FDF500F8ECA9 /* Release */,
			);
			defaultConfigurationIsVisible = 0;
			defaultConfigurationName = Release;
		};
		DF0A584A2394FDF500F8ECA9 /* Build configuration list for PBXNativeTarget "TransitionDemoAPP" */ = {
			isa = XCConfigurationList;
			buildConfigurations = (
				DF0A584B2394FDF500F8ECA9 /* Debug */,
				DF0A584C2394FDF500F8ECA9 /* Release */,
			);
			defaultConfigurationIsVisible = 0;
			defaultConfigurationName = Release;
		};
/* End XCConfigurationList section */
	};
	rootObject = DF0A582E2394FDF300F8ECA9 /* Project object */;
}
